# This file is autogenerated, do not edit; changes may be undone by the next 'dep ensure'.


[[projects]]
  name = "github.com/NYTimes/gziphandler"
  packages = ["."]
  revision = "2600fb119af974220d3916a5916d6e31176aac1b"
  version = "v1.0.1"

[[projects]]
  name = "github.com/gorilla/context"
  packages = ["."]
  revision = "08b5f424b9271eedf6f9f0ce86cb9396ed337a42"
  version = "v1.1.1"

[[projects]]
  name = "github.com/gorilla/mux"
  packages = ["."]
  revision = "e3702bed27f0d39777b0b37b664b6280e8ef8fbf"
  version = "v1.6.2"

[[projects]]
  name = "github.com/konsorten/go-windows-terminal-sequences"
  packages = ["."]
  revision = "f55edac94c9bbba5d6182a4be46d86a2c9b5b50e"
  version = "v1.0.2"

[[projects]]
  name = "github.com/newrelic/go-agent"
  packages = [
    ".",
    "_integrations/nrgorilla/v1",
    "_integrations/nrlogrus",
    "internal",
    "internal/cat",
    "internal/jsonx",
    "internal/logger",
    "internal/racedetector",
    "internal/sysinfo",
    "internal/utilization"
  ]
  revision = "5adc3b70de72198b5e21a6a811891309a0dcfba4"
  version = "v2.7.0"

[[projects]]
  name = "github.com/sirupsen/logrus"
  packages = ["."]
  revision = "dae0fa8d5b0c810a8ab733fbd5510c7cae84eca4"
  version = "v1.4.0"

[[projects]]
  branch = "master"
  name = "golang.org/x/crypto"
  packages = [
    "acme",
    "acme/autocert",
    "ssh/terminal"
  ]
  revision = "1a580b3eff7814fc9b40602fd35256c63b50f491"

[[projects]]
  branch = "master"
  name = "golang.org/x/net"
  packages = [
    "http/httpguts",
    "http2",
    "http2/hpack",
    "idna"
  ]
  revision = "9ef9f5bb98a1fdc41f8cf6c250a4404b4085e389"

[[projects]]
  branch = "master"
  name = "golang.org/x/sys"
  packages = [
    "unix",
    "windows"
  ]
  revision = "f49334f85ddcf0f08d7fb6dd7363e9e6d6b777eb"

[[projects]]
  name = "golang.org/x/text"
  packages = [
    "collate",
    "collate/build",
    "internal/colltab",
    "internal/gen",
    "internal/tag",
    "internal/triegen",
    "internal/ucd",
    "language",
    "secure/bidirule",
    "transform",
    "unicode/bidi",
    "unicode/cldr",
    "unicode/norm",
    "unicode/rangetable"
  ]
  revision = "f21a4dfb5e38f5895301dc265a8def02365cc3d0"
  version = "v0.3.0"

[solve-meta]
  analyzer-name = "dep"
  analyzer-version = 1
  inputs-digest = "48fc491abe29b84d75c70430e144c73e7d091fb22cf3f70e3778de990d93b1da"
  solver-name = "gps-cdcl"
  solver-version = 1
